
Microsoft Visual Studio Solution File, Format Version 12.00
# Visual Studio Version 17
VisualStudioVersion = 17.14.36518.9
MinimumVisualStudioVersion = 10.0.40219.1
Project("{FAE04EC0-301F-11D3-BF4B-00C04F79EFBC}") = "Neat Things", "Neat Things.csproj", "{91AB81DE-EAEE-47D1-93DD-541179208219}"
EndProject
Global
	GlobalSection(SolutionConfigurationPlatforms) = preSolution
		Release|x86 = Release|x86
	EndGlobalSection
	GlobalSection(ProjectConfigurationPlatforms) = postSolution
		{91AB81DE-EAEE-47D1-93DD-541179208219}.Release|x86.ActiveCfg = Release|x86
		{91AB81DE-EAEE-47D1-93DD-541179208219}.Release|x86.Build.0 = Release|x86
	EndGlobalSection
	GlobalSection(SolutionProperties) = preSolution
		HideSolutionNode = FALSE
	EndGlobalSection
	GlobalSection(ExtensibilityGlobals) = postSolution
		SolutionGuid = {1707EF98-BDA5-459A-A1B8-4BA37E48C26E}
	EndGlobalSection
EndGlobal
